
Microsoft Visual Studio Solution File, Format Version 12.00
# Visual Studio Version 16
VisualStudioVersion = 16.0.29509.3
MinimumVisualStudioVersion = 10.0.40219.1
Project("{9A19103F-16F7-4668-BE54-9A1E7A4F7556}") = "StarWarsAPI", "Api\StarWarsAPI.csproj", "{F4CB7997-40DD-4202-B97D-08241B9E9704}"
EndProject
Project("{2150E333-8FDC-42A3-9474-1A3956D46DE8}") = "Api", "Api", "{849BCEE7-0465-453C-B3FF-2211D7413AD5}"
EndProject
Project("{2150E333-8FDC-42A3-9474-1A3956D46DE8}") = "Domain", "Domain", "{71E2794D-2CDB-4E27-AA0F-41BEDCD88FCD}"
EndProject
Project("{2150E333-8FDC-42A3-9474-1A3956D46DE8}") = "Infrastructure", "Infrastructure", "{F7EC3C4E-BDB0-4ACB-A23D-95D4ABA437F5}"
EndProject
Project("{FAE04EC0-301F-11D3-BF4B-00C04F79EFBC}") = "StarWarsAPI.Domain", "Domain\StarWarsAPI.Domain.csproj", "{051AE592-B8E3-4977-A18F-73EEF353AE38}"
EndProject
Global
	GlobalSection(SolutionConfigurationPlatforms) = preSolution
		Debug|Any CPU = Debug|Any CPU
		Release|Any CPU = Release|Any CPU
	EndGlobalSection
	GlobalSection(ProjectConfigurationPlatforms) = postSolution
		{F4CB7997-40DD-4202-B97D-08241B9E9704}.Debug|Any CPU.ActiveCfg = Debug|Any CPU
		{F4CB7997-40DD-4202-B97D-08241B9E9704}.Debug|Any CPU.Build.0 = Debug|Any CPU
		{F4CB7997-40DD-4202-B97D-08241B9E9704}.Release|Any CPU.ActiveCfg = Release|Any CPU
		{F4CB7997-40DD-4202-B97D-08241B9E9704}.Release|Any CPU.Build.0 = Release|Any CPU
		{051AE592-B8E3-4977-A18F-73EEF353AE38}.Debug|Any CPU.ActiveCfg = Debug|Any CPU
		{051AE592-B8E3-4977-A18F-73EEF353AE38}.Debug|Any CPU.Build.0 = Debug|Any CPU
		{051AE592-B8E3-4977-A18F-73EEF353AE38}.Release|Any CPU.ActiveCfg = Release|Any CPU
		{051AE592-B8E3-4977-A18F-73EEF353AE38}.Release|Any CPU.Build.0 = Release|Any CPU
	EndGlobalSection
	GlobalSection(SolutionProperties) = preSolution
		HideSolutionNode = FALSE
	EndGlobalSection
	GlobalSection(NestedProjects) = preSolution
		{F4CB7997-40DD-4202-B97D-08241B9E9704} = {849BCEE7-0465-453C-B3FF-2211D7413AD5}
		{051AE592-B8E3-4977-A18F-73EEF353AE38} = {71E2794D-2CDB-4E27-AA0F-41BEDCD88FCD}
	EndGlobalSection
	GlobalSection(ExtensibilityGlobals) = postSolution
		SolutionGuid = {E2D319E9-3EE4-4285-A2F5-1F697DD6765D}
	EndGlobalSection
EndGlobal
